
Microsoft Visual Studio Solution File, Format Version 12.00
# Visual Studio Version 16
VisualStudioVersion = 16.0.32106.194
MinimumVisualStudioVersion = 10.0.40219.1
Project("{FAE04EC0-301F-11D3-BF4B-00C04F79EFBC}") = "MonthlyPremiumCalculator.API", "src\MonthlyPremiumCalculator.API\MonthlyPremiumCalculator.API\MonthlyPremiumCalculator.API.csproj", "{B1FC3251-F703-4B4E-9C2E-D2018C5AC573}"
EndProject
Project("{FAE04EC0-301F-11D3-BF4B-00C04F79EFBC}") = "MonthlyPremiumCalculator.Domain", "src\MonthlyPremiumCalculator.Domain\MonthlyPremiumCalculator.Domain.csproj", "{8B8F2BE6-16E1-4F70-8993-485F3BF4FF59}"
EndProject
Project("{FAE04EC0-301F-11D3-BF4B-00C04F79EFBC}") = "MonthlyPremiumCalculator.Infrastructure", "src\MonthlyPremiumCalculator.Infrastructure\MonthlyPremiumCalculator.Infrastructure.csproj", "{639805BD-0083-4E3D-9563-437F9D020AA6}"
EndProject
Global
	GlobalSection(SolutionConfigurationPlatforms) = preSolution
		Debug|Any CPU = Debug|Any CPU
		Release|Any CPU = Release|Any CPU
	EndGlobalSection
	GlobalSection(ProjectConfigurationPlatforms) = postSolution
		{B1FC3251-F703-4B4E-9C2E-D2018C5AC573}.Debug|Any CPU.ActiveCfg = Debug|Any CPU
		{B1FC3251-F703-4B4E-9C2E-D2018C5AC573}.Debug|Any CPU.Build.0 = Debug|Any CPU
		{B1FC3251-F703-4B4E-9C2E-D2018C5AC573}.Release|Any CPU.ActiveCfg = Release|Any CPU
		{B1FC3251-F703-4B4E-9C2E-D2018C5AC573}.Release|Any CPU.Build.0 = Release|Any CPU
		{8B8F2BE6-16E1-4F70-8993-485F3BF4FF59}.Debug|Any CPU.ActiveCfg = Debug|Any CPU
		{8B8F2BE6-16E1-4F70-8993-485F3BF4FF59}.Debug|Any CPU.Build.0 = Debug|Any CPU
		{8B8F2BE6-16E1-4F70-8993-485F3BF4FF59}.Release|Any CPU.ActiveCfg = Release|Any CPU
		{8B8F2BE6-16E1-4F70-8993-485F3BF4FF59}.Release|Any CPU.Build.0 = Release|Any CPU
		{639805BD-0083-4E3D-9563-437F9D020AA6}.Debug|Any CPU.ActiveCfg = Debug|Any CPU
		{639805BD-0083-4E3D-9563-437F9D020AA6}.Debug|Any CPU.Build.0 = Debug|Any CPU
		{639805BD-0083-4E3D-9563-437F9D020AA6}.Release|Any CPU.ActiveCfg = Release|Any CPU
		{639805BD-0083-4E3D-9563-437F9D020AA6}.Release|Any CPU.Build.0 = Release|Any CPU
	EndGlobalSection
	GlobalSection(SolutionProperties) = preSolution
		HideSolutionNode = FALSE
	EndGlobalSection
	GlobalSection(ExtensibilityGlobals) = postSolution
		SolutionGuid = {678D9C47-959B-4FE7-8FD8-B15289D2DC33}
	EndGlobalSection
EndGlobal
