
Microsoft Visual Studio Solution File, Format Version 12.00
# Visual Studio Version 16
VisualStudioVersion = 16.0.32106.194
MinimumVisualStudioVersion = 10.0.40219.1
Project("{9A19103F-16F7-4668-BE54-9A1E7A4F7556}") = "MonthlyPremiumCalculator.API", "src\MonthlyPremiumCalculator.API\MonthlyPremiumCalculator.API\MonthlyPremiumCalculator.API.csproj", "{B1FC3251-F703-4B4E-9C2E-D2018C5AC573}"
EndProject
Project("{9A19103F-16F7-4668-BE54-9A1E7A4F7556}") = "MonthlyPremiumCalculator.API.Test", "src\MonthlyPremiumCalculator.API.Test\MonthlyPremiumCalculator.API.Test.csproj", "{486D4A7B-5CBB-4875-8140-59508F827A7E}"
EndProject
Global
	GlobalSection(SolutionConfigurationPlatforms) = preSolution
		Debug|Any CPU = Debug|Any CPU
		Release|Any CPU = Release|Any CPU
	EndGlobalSection
	GlobalSection(ProjectConfigurationPlatforms) = postSolution
		{B1FC3251-F703-4B4E-9C2E-D2018C5AC573}.Debug|Any CPU.ActiveCfg = Debug|Any CPU
		{B1FC3251-F703-4B4E-9C2E-D2018C5AC573}.Debug|Any CPU.Build.0 = Debug|Any CPU
		{B1FC3251-F703-4B4E-9C2E-D2018C5AC573}.Release|Any CPU.ActiveCfg = Release|Any CPU
		{B1FC3251-F703-4B4E-9C2E-D2018C5AC573}.Release|Any CPU.Build.0 = Release|Any CPU
		{486D4A7B-5CBB-4875-8140-59508F827A7E}.Debug|Any CPU.ActiveCfg = Debug|Any CPU
		{486D4A7B-5CBB-4875-8140-59508F827A7E}.Debug|Any CPU.Build.0 = Debug|Any CPU
		{486D4A7B-5CBB-4875-8140-59508F827A7E}.Release|Any CPU.ActiveCfg = Release|Any CPU
		{486D4A7B-5CBB-4875-8140-59508F827A7E}.Release|Any CPU.Build.0 = Release|Any CPU
	EndGlobalSection
	GlobalSection(SolutionProperties) = preSolution
		HideSolutionNode = FALSE
	EndGlobalSection
	GlobalSection(ExtensibilityGlobals) = postSolution
		SolutionGuid = {678D9C47-959B-4FE7-8FD8-B15289D2DC33}
	EndGlobalSection
EndGlobal
